<Solution>
  <Folder Name="/src/">
    <Project Path="src/Hamdel.Web.Client/Hamdel.Web.Client.csproj" />
    <Project Path="src/Hamdel.Web/Hamdel.Web.csproj" />
  </Folder>
  <Folder Name="/src/BuildingBlocks/">
    <Project Path="src/BuildingBlocks/Hamdel.Application.Abstractions/Hamdel.Application.Abstractions.csproj" />
    <Project Path="src/BuildingBlocks/Hamdel.Infrastructure.Common/Hamdel.Infrastructure.Common.csproj" />
    <Project Path="src/BuildingBlocks/Hamdel.SharedKernel/Hamdel.SharedKernel.csproj" />
  </Folder>
  <Folder Name="/src/Modules/" />
  <Folder Name="/src/Modules/Actions/">
    <Project Path="src/Modules/Actions/Hamdel.Modules.Actions.Contracts/Hamdel.Modules.Actions.Contracts.csproj" />
    <Project Path="src/Modules/Actions/Hamdel.Modules.Actions/Hamdel.Modules.Actions.csproj" />
  </Folder>
  <Folder Name="/src/Modules/CheckIn/">
    <Project Path="src/Modules/CheckIn/Hamdel.Modules.CheckIn.Contracts/Hamdel.Modules.CheckIn.Contracts.csproj" />
    <Project Path="src/Modules/CheckIn/Hamdel.Modules.CheckIn/Hamdel.Modules.CheckIn.csproj" />
  </Folder>
  <Folder Name="/src/Modules/Content/">
    <Project Path="src/Modules/Content/Hamdel.Modules.Content.Contracts/Hamdel.Modules.Content.Contracts.csproj" />
    <Project Path="src/Modules/Content/Hamdel.Modules.Content/Hamdel.Modules.Content.csproj" />
  </Folder>
  <Folder Name="/src/Modules/Insights/">
    <Project Path="src/Modules/Insights/Hamdel.Modules.Insights.Contracts/Hamdel.Modules.Insights.Contracts.csproj" />
    <Project Path="src/Modules/Insights/Hamdel.Modules.Insights/Hamdel.Modules.Insights.csproj" />
  </Folder>
  <Folder Name="/src/Modules/Notifications/">
    <Project Path="src/Modules/Notifications/Hamdel.Modules.Notifications.Contracts/Hamdel.Modules.Notifications.Contracts.csproj" />
    <Project Path="src/Modules/Notifications/Hamdel.Modules.Notifications/Hamdel.Modules.Notifications.csproj" />
  </Folder>
  <Folder Name="/src/Modules/Organization/">
    <Project Path="src/Modules/Organization/Hamdel.Modules.Organization.Contracts/Hamdel.Modules.Organization.Contracts.csproj" />
    <Project Path="src/Modules/Organization/Hamdel.Modules.Organization/Hamdel.Modules.Organization.csproj" />
  </Folder>
  <Folder Name="/src/Modules/Personal/">
    <Project Path="src/Modules/Personal/Hamdel.Modules.Personal.Contracts/Hamdel.Modules.Personal.Contracts.csproj" />
    <Project Path="src/Modules/Personal/Hamdel.Modules.Personal/Hamdel.Modules.Personal.csproj" />
  </Folder>
  <Folder Name="/src/Modules/Pilot/">
    <Project Path="src/Modules/Pilot/Hamdel.Modules.Pilot.Contracts/Hamdel.Modules.Pilot.Contracts.csproj" />
    <Project Path="src/Modules/Pilot/Hamdel.Modules.Pilot/Hamdel.Modules.Pilot.csproj" />
  </Folder>
  <Folder Name="/tests/">
    <Project Path="tests/Hamdel.ArchitectureTests/Hamdel.ArchitectureTests.csproj" />
    <Project Path="tests/Hamdel.IntegrationTests/Hamdel.IntegrationTests.csproj" />
  </Folder>
  <Folder Name="/tests/Modules/">
    <Project Path="tests/Modules/Hamdel.Modules.Actions.Tests/Hamdel.Modules.Actions.Tests.csproj" />
    <Project Path="tests/Modules/Hamdel.Modules.CheckIn.Tests/Hamdel.Modules.CheckIn.Tests.csproj" />
    <Project Path="tests/Modules/Hamdel.Modules.Content.Tests/Hamdel.Modules.Content.Tests.csproj" />
    <Project Path="tests/Modules/Hamdel.Modules.Insights.Tests/Hamdel.Modules.Insights.Tests.csproj" />
    <Project Path="tests/Modules/Hamdel.Modules.Notifications.Tests/Hamdel.Modules.Notifications.Tests.csproj" />
    <Project Path="tests/Modules/Hamdel.Modules.Organization.Tests/Hamdel.Modules.Organization.Tests.csproj" />
    <Project Path="tests/Modules/Hamdel.Modules.Personal.Tests/Hamdel.Modules.Personal.Tests.csproj" />
    <Project Path="tests/Modules/Hamdel.Modules.Pilot.Tests/Hamdel.Modules.Pilot.Tests.csproj" />
  </Folder>
</Solution>
